{
  "name": "discord-multi-music-bot",
  "lockfileVersion": 2,
  "requires": true,
  "packages": {
    "": {
      "name": "discord-multi-music-bot",
      "version": "1.0.0",
      "dependencies": {
        "discord.js": "^14.14.1",
        "@discordjs/voice": "^0.17.0",
        "play-dl": "^1.9.7",
        "dotenv": "^16.4.1"
      }
    }
  }
}
